Microsoft Visual Studio Solution File, Format Version 12.00
# Visual Studio Version 17
VisualStudioVersion = 17.5.2.0
MinimumVisualStudioVersion = 10.0.40219.1
Project("{FAE04EC0-301F-11D3-BF4B-00C04F79EFBC}") = "HRManagementApp.UI", "HRManagementApp.UI.csproj", "{D778D07F-C917-052D-D07E-9BF4C1DE85FB}"
EndProject
Global
	GlobalSection(SolutionConfigurationPlatforms) = preSolution
		Debug|Any CPU = Debug|Any CPU
		Release|Any CPU = Release|Any CPU
	EndGlobalSection
	GlobalSection(ProjectConfigurationPlatforms) = postSolution
		{D778D07F-C917-052D-D07E-9BF4C1DE85FB}.Debug|Any CPU.ActiveCfg = Debug|Any CPU
		{D778D07F-C917-052D-D07E-9BF4C1DE85FB}.Debug|Any CPU.Build.0 = Debug|Any CPU
		{D778D07F-C917-052D-D07E-9BF4C1DE85FB}.Release|Any CPU.ActiveCfg = Release|Any CPU
		{D778D07F-C917-052D-D07E-9BF4C1DE85FB}.Release|Any CPU.Build.0 = Release|Any CPU
	EndGlobalSection
	GlobalSection(SolutionProperties) = preSolution
		HideSolutionNode = FALSE
	EndGlobalSection
	GlobalSection(ExtensibilityGlobals) = postSolution
		SolutionGuid = {7A661C62-4895-4AB3-B833-D4AA317EC53D}
	EndGlobalSection
EndGlobal
